
Microsoft Visual Studio Solution File, Format Version 12.00
# Visual Studio 15
VisualStudioVersion = 15.0.28307.960
MinimumVisualStudioVersion = 10.0.40219.1
Project("{FAE04EC0-301F-11D3-BF4B-00C04F79EFBC}") = "YoutubeService", "WcfService1\YoutubeService.csproj", "{DD6FB5BD-E685-4175-8F8E-0BC352272FD4}"
EndProject
Global
	GlobalSection(SolutionConfigurationPlatforms) = preSolution
		Debug|Any CPU = Debug|Any CPU
		Release|Any CPU = Release|Any CPU
	EndGlobalSection
	GlobalSection(ProjectConfigurationPlatforms) = postSolution
		{DD6FB5BD-E685-4175-8F8E-0BC352272FD4}.Debug|Any CPU.ActiveCfg = Debug|Any CPU
		{DD6FB5BD-E685-4175-8F8E-0BC352272FD4}.Debug|Any CPU.Build.0 = Debug|Any CPU
		{DD6FB5BD-E685-4175-8F8E-0BC352272FD4}.Release|Any CPU.ActiveCfg = Release|Any CPU
		{DD6FB5BD-E685-4175-8F8E-0BC352272FD4}.Release|Any CPU.Build.0 = Release|Any CPU
	EndGlobalSection
	GlobalSection(SolutionProperties) = preSolution
		HideSolutionNode = FALSE
	EndGlobalSection
	GlobalSection(ExtensibilityGlobals) = postSolution
		SolutionGuid = {2DE74176-6A5A-44AF-BE55-8C84ED4D7B9F}
	EndGlobalSection
EndGlobal
